// !$*UTF8*$!
{
	archiveVersion = 1;
	classes = {
	};
	objectVersion = 50;
	objects = {

/* Begin PBXBuildFile section */
		8A5AFA4622F801EF000CDAED /* AppDelegate.swift in Sources */ = {isa = PBXBuildFile; fileRef = 8A5AFA4522F801EF000CDAED /* AppDelegate.swift */; };
		8A5AFA4822F801EF000CDAED /* SceneDelegate.swift in Sources */ = {isa = PBXBuildFile; fileRef = 8A5AFA4722F801EF000CDAED /* SceneDelegate.swift */; };
		8A5AFA4A22F801EF000CDAED /* ContentView.swift in Sources */ = {isa = PBXBuildFile; fileRef = 8A5AFA4922F801EF000CDAED /* ContentView.swift */; };
		8A5AFA4C22F80207000CDAED /* Assets.xcassets in Resources */ = {isa = PBXBuildFile; fileRef = 8A5AFA4B22F80207000CDAED /* Assets.xcassets */; };
		8A5AFA4F22F80207000CDAED /* Preview Assets.xcassets in Resources */ = {isa = PBXBuildFile; fileRef = 8A5AFA4E22F80207000CDAED /* Preview Assets.xcassets */; };
		8A5AFA5222F80207000CDAED /* LaunchScreen.storyboard in Resources */ = {isa = PBXBuildFile; fileRef = 8A5AFA5022F80207000CDAED /* LaunchScreen.storyboard */; };
/* End PBXBuildFile section */

/* Begin PBXFileReference section */
		8A5AFA4222F801EF000CDAED /* FirstProject_SwiftUI.app */ = {isa = PBXFileReference; explicitFileType = wrapper.application; includeInIndex = 0; path = FirstProject_SwiftUI.app; sourceTree = BUILT_PRODUCTS_DIR; };
		8A5AFA4522F801EF000CDAED /* AppDelegate.swift */ = {isa = PBXFileReference; lastKnownFileType = sourcecode.swift; path = AppDelegate.swift; sourceTree = "<group>"; };
		8A5AFA4722F801EF000CDAED /* SceneDelegate.swift */ = {isa = PBXFileReference; lastKnownFileType = sourcecode.swift; path = SceneDelegate.swift; sourceTree = "<group>"; };
		8A5AFA4922F801EF000CDAED /* ContentView.swift */ = {isa = PBXFileReference; lastKnownFileType = sourcecode.swift; path = ContentView.swift; sourceTree = "<group>"; };
		8A5AFA4B22F80207000CDAED /* Assets.xcassets */ = {isa = PBXFileReference; lastKnownFileType = folder.assetcatalog; path = Assets.xcassets; sourceTree = "<group>"; };
		8A5AFA4E22F80207000CDAED /* Preview Assets.xcassets */ = {isa = PBXFileReference; lastKnownFileType = folder.assetcatalog; path = "Preview Assets.xcassets"; sourceTree = "<group>"; };
		8A5AFA5122F80207000CDAED /* Base */ = {isa = PBXFileReference; lastKnownFileType = file.storyboard; name = Base; path = Base.lproj/LaunchScreen.storyboard; sourceTree = "<group>"; };
		8A5AFA5322F80207000CDAED /* Info.plist */ = {isa = PBXFileReference; lastKnownFileType = text.plist.xml; path = Info.plist; sourceTree = "<group>"; };
/* End PBXFileReference section */

/* Begin PBXFrameworksBuildPhase section */
		8A5AFA3F22F801EE000CDAED /* Frameworks */ = {
			isa = PBXFrameworksBuildPhase;
			buildActionMask = 2147483647;
			files = (
			);
			runOnlyForDeploymentPostprocessing = 0;
		};
/* End PBXFrameworksBuildPhase section */

/* Begin PBXGroup section */
		8A5AFA3922F801EE000CDAED = {
			isa = PBXGroup;
			children = (
				8A5AFA4422F801EF000CDAED /* FirstProject_SwiftUI */,
				8A5AFA4322F801EF000CDAED /* Products */,
			);
			sourceTree = "<group>";
		};
		8A5AFA4322F801EF000CDAED /* Products */ = {
			isa = PBXGroup;
			children = (
				8A5AFA4222F801EF000CDAED /* FirstProject_SwiftUI.app */,
			);
			name = Products;
			sourceTree = "<group>";
		};
		8A5AFA4422F801EF000CDAED /* FirstProject_SwiftUI */ = {
			isa = PBXGroup;
			children = (
				8A5AFA4522F801EF000CDAED /* AppDelegate.swift */,
				8A5AFA4722F801EF000CDAED /* SceneDelegate.swift */,
				8A5AFA4922F801EF000CDAED /* ContentView.swift */,
				8A5AFA4B22F80207000CDAED /* Assets.xcassets */,
				8A5AFA5022F80207000CDAED /* LaunchScreen.storyboard */,
				8A5AFA5322F80207000CDAED /* Info.plist */,
				8A5AFA4D22F80207000CDAED /* Preview Content */,
			);
			path = FirstProject_SwiftUI;
			sourceTree = "<group>";
		};
		8A5AFA4D22F80207000CDAED /* Preview Content */ = {
			isa = PBXGroup;
			children = (
				8A5AFA4E22F80207000CDAED /* Preview Assets.xcassets */,
			);
			path = "Preview Content";
			sourceTree = "<group>";
		};
/* End PBXGroup section */

/* Begin PBXNativeTarget section */
		8A5AFA4122F801EE000CDAED /* FirstProject_SwiftUI */ = {
			isa = PBXNativeTarget;
			buildConfigurationList = 8A5AFA5622F80207000CDAED /* Build configuration list for PBXNativeTarget "FirstProject_SwiftUI" */;
			buildPhases = (
				8A5AFA3E22F801EE000CDAED /* Sources */,
				8A5AFA3F22F801EE000CDAED /* Frameworks */,
				8A5AFA4022F801EE000CDAED /* Resources */,
			);
			buildRules = (
			);
			dependencies = (
			);
			name = FirstProject_SwiftUI;
			productName = FirstProject_SwiftUI;
			productReference = 8A5AFA4222F801EF000CDAED /* FirstProject_SwiftUI.app */;
			productType = "com.apple.product-type.application";
		};
/* End PBXNativeTarget section */

/* Begin PBXProject section */
		8A5AFA3A22F801EE000CDAED /* Project object */ = {
			isa = PBXProject;
			attributes = {
				LastSwiftUpdateCheck = 1100;
				LastUpgradeCheck = 1100;
				ORGANIZATIONNAME = "Shiju Varghese";
				TargetAttributes = {
					8A5AFA4122F801EE000CDAED = {
						CreatedOnToolsVersion = 11.0;
					};
				};
			};
			buildConfigurationList = 8A5AFA3D22F801EE000CDAED /* Build configuration list for PBXProject "FirstProject_SwiftUI" */;
			compatibilityVersion = "Xcode 9.3";
			developmentRegion = en;
			hasScannedForEncodings = 0;
			knownRegions = (
				en,
				Base,
			);
			mainGroup = 8A5AFA3922F801EE000CDAED;
			productRefGroup = 8A5AFA4322F801EF000CDAED /* Products */;
			projectDirPath = "";
			projectRoot = "";
			targets = (
				8A5AFA4122F801EE000CDAED /* FirstProject_SwiftUI */,
			);
		};
/* End PBXProject section */

/* Begin PBXResourcesBuildPhase section */
		8A5AFA4022F801EE000CDAED /* Resources */ = {
			isa = PBXResourcesBuildPhase;
			buildActionMask = 2147483647;
			files = (
				8A5AFA5222F80207000CDAED /* LaunchScreen.storyboard in Resources */,
				8A5AFA4F22F80207000CDAED /* Preview Assets.xcassets in Resources */,
				8A5AFA4C22F80207000CDAED /* Assets.xcassets in Resources */,
			);
			runOnlyForDeploymentPostprocessing = 0;
		};
/* End PBXResourcesBuildPhase section */

/* Begin PBXSourcesBuildPhase section */
		8A5AFA3E22F801EE000CDAED /* Sources */ = {
			isa = PBXSourcesBuildPhase;
			buildActionMask = 2147483647;
			files = (
				8A5AFA4622F801EF000CDAED /* AppDelegate.swift in Sources */,
				8A5AFA4822F801EF000CDAED /* SceneDelegate.swift in Sources */,
				8A5AFA4A22F801EF000CDAED /* ContentView.swift in Sources */,
			);
			runOnlyForDeploymentPostprocessing = 0;
		};
/* End PBXSourcesBuildPhase section */

/* Begin PBXVariantGroup section */
		8A5AFA5022F80207000CDAED /* LaunchScreen.storyboard */ = {
			isa = PBXVariantGroup;
			children = (
				8A5AFA5122F80207000CDAED /* Base */,
			);
			name = LaunchScreen.storyboard;
			sourceTree = "<group>";
		};
/* End PBXVariantGroup section */

/* Begin XCBuildConfiguration section */
		8A5AFA5422F80207000CDAED /* Debug */ = {
			isa = XCBuildConfiguration;
			buildSettings = {
				ALWAYS_SEARCH_USER_PATHS = NO;
				CLANG_ANALYZER_NONNULL = YES;
				CLANG_ANALYZER_NUMBER_OBJECT_CONVERSION = YES_AGGRESSIVE;
				CLANG_CXX_LANGUAGE_STANDARD = "gnu++14";
				CLANG_CXX_LIBRARY = "libc++";
				CLANG_ENABLE_MODULES = YES;
				CLANG_ENABLE_OBJC_ARC = YES;
				CLANG_ENABLE_OBJC_WEAK = YES;
				CLANG_WARN_BLOCK_CAPTURE_AUTORELEASING = YES;
				CLANG_WARN_BOOL_CONVERSION = YES;
				CLANG_WARN_COMMA = YES;
				CLANG_WARN_CONSTANT_CONVERSION = YES;
				CLANG_WARN_DEPRECATED_OBJC_IMPLEMENTATIONS = YES;
				CLANG_WARN_DIRECT_OBJC_ISA_USAGE = YES_ERROR;
				CLANG_WARN_DOCUMENTATION_COMMENTS = YES;
				CLANG_WARN_EMPTY_BODY = YES;
				CLANG_WARN_ENUM_CONVERSION = YES;
				CLANG_WARN_INFINITE_RECURSION = YES;
				CLANG_WARN_INT_CONVERSION = YES;
				CLANG_WARN_NON_LITERAL_NULL_CONVERSION = YES;
				CLANG_WARN_OBJC_IMPLICIT_RETAIN_SELF = YES;
				CLANG_WARN_OBJC_LITERAL_CONVERSION = YES;
				CLANG_WARN_OBJC_ROOT_CLASS = YES_ERROR;
				CLANG_WARN_RANGE_LOOP_ANALYSIS = YES;
				CLANG_WARN_STRICT_PROTOTYPES = YES;
				CLANG_WARN_SUSPICIOUS_MOVE = YES;
				CLANG_WARN_UNGUARDED_AVAILABILITY = YES_AGGRESSIVE;
				CLANG_WARN_UNREACHABLE_CODE = YES;
				CLANG_WARN__DUPLICATE_METHOD_MATCH = YES;
				COPY_PHASE_STRIP = NO;
				DEBUG_INFORMATION_FORMAT = dwarf;
				ENABLE_STRICT_OBJC_MSGSEND = YES;
				ENABLE_TESTABILITY = YES;
				GCC_C_LANGUAGE_STANDARD = gnu11;
				GCC_DYNAMIC_NO_PIC = NO;
				GCC_NO_COMMON_BLOCKS = YES;
				GCC_OPTIMIZATION_LEVEL = 0;
				GCC_PREPROCESSOR_DEFINITIONS = (
					"DEBUG=1",
					"$(inherited)",
				);
				GCC_WARN_64_TO_32_BIT_CONVERSION = YES;
				GCC_WARN_ABOUT_RETURN_TYPE = YES_ERROR;
				GCC_WARN_UNDECLARED_SELECTOR = YES;
				GCC_WARN_UNINITIALIZED_AUTOS = YES_AGGRESSIVE;
				GCC_WARN_UNUSED_FUNCTION = YES;
				GCC_WARN_UNUSED_VARIABLE = YES;
				IPHONEOS_DEPLOYMENT_TARGET = 13.0;
				MTL_ENABLE_DEBUG_INFO = INCLUDE_SOURCE;
				MTL_FAST_MATH = YES;
				ONLY_ACTIVE_ARCH = YES;
				SDKROOT = iphoneos;
				SWIFT_ACTIVE_COMPILATION_CONDITIONS = DEBUG;
				SWIFT_OPTIMIZATION_LEVEL = "-Onone";
			};
			name = Debug;
		};
		8A5AFA5522F80207000CDAED /* Release */ = {
			isa = XCBuildConfiguration;
			buildSettings = {
				ALWAYS_SEARCH_USER_PATHS = NO;
				CLANG_ANALYZER_NONNULL = YES;
				CLANG_ANALYZER_NUMBER_OBJECT_CONVERSION = YES_AGGRESSIVE;
				CLANG_CXX_LANGUAGE_STANDARD = "gnu++14";
				CLANG_CXX_LIBRARY = "libc++";
				CLANG_ENABLE_MODULES = YES;
				CLANG_ENABLE_OBJC_ARC = YES;
				CLANG_ENABLE_OBJC_WEAK = YES;
				CLANG_WARN_BLOCK_CAPTURE_AUTORELEASING = YES;
				CLANG_WARN_BOOL_CONVERSION = YES;
				CLANG_WARN_COMMA = YES;
				CLANG_WARN_CONSTANT_CONVERSION = YES;
				CLANG_WARN_DEPRECATED_OBJC_IMPLEMENTATIONS = YES;
				CLANG_WARN_DIRECT_OBJC_ISA_USAGE = YES_ERROR;
				CLANG_WARN_DOCUMENTATION_COMMENTS = YES;
				CLANG_WARN_EMPTY_BODY = YES;
				CLANG_WARN_ENUM_CONVERSION = YES;
				CLANG_WARN_INFINITE_RECURSION = YES;
				CLANG_WARN_INT_CONVERSION = YES;
				CLANG_WARN_NON_LITERAL_NULL_CONVERSION = YES;
				CLANG_WARN_OBJC_IMPLICIT_RETAIN_SELF = YES;
				CLANG_WARN_OBJC_LITERAL_CONVERSION = YES;
				CLANG_WARN_OBJC_ROOT_CLASS = YES_ERROR;
				CLANG_WARN_RANGE_LOOP_ANALYSIS = YES;
				CLANG_WARN_STRICT_PROTOTYPES = YES;
				CLANG_WARN_SUSPICIOUS_MOVE = YES;
				CLANG_WARN_UNGUARDED_AVAILABILITY = YES_AGGRESSIVE;
				CLANG_WARN_UNREACHABLE_CODE = YES;
				CLANG_WARN__DUPLICATE_METHOD_MATCH = YES;
				COPY_PHASE_STRIP = NO;
				DEBUG_INFORMATION_FORMAT = "dwarf-with-dsym";
				ENABLE_NS_ASSERTIONS = NO;
				ENABLE_STRICT_OBJC_MSGSEND = YES;
				GCC_C_LANGUAGE_STANDARD = gnu11;
				GCC_NO_COMMON_BLOCKS = YES;
				GCC_WARN_64_TO_32_BIT_CONVERSION = YES;
				GCC_WARN_ABOUT_RETURN_TYPE = YES_ERROR;
				GCC_WARN_UNDECLARED_SELECTOR = YES;
				GCC_WARN_UNINITIALIZED_AUTOS = YES_AGGRESSIVE;
				GCC_WARN_UNUSED_FUNCTION = YES;
				GCC_WARN_UNUSED_VARIABLE = YES;
				IPHONEOS_DEPLOYMENT_TARGET = 13.0;
				MTL_ENABLE_DEBUG_INFO = NO;
				MTL_FAST_MATH = YES;
				SDKROOT = iphoneos;
				SWIFT_COMPILATION_MODE = wholemodule;
				SWIFT_OPTIMIZATION_LEVEL = "-O";
				VALIDATE_PRODUCT = YES;
			};
			name = Release;
		};
		8A5AFA5722F80207000CDAED /* Debug */ = {
			isa = XCBuildConfiguration;
			buildSettings = {
				ASSETCATALOG_COMPILER_APPICON_NAME = AppIcon;
				CODE_SIGN_STYLE = Automatic;
				DEVELOPMENT_ASSET_PATHS = "FirstProject_SwiftUI/Preview\\ Content";
				ENABLE_PREVIEWS = YES;
				INFOPLIST_FILE = FirstProject_SwiftUI/Info.plist;
				LD_RUNPATH_SEARCH_PATHS = (
					"$(inherited)",
					"@executable_path/Frameworks",
				);
				PRODUCT_BUNDLE_IDENTIFIER = "com.exilant.FirstProject-SwiftUI";
				PRODUCT_NAME = "$(TARGET_NAME)";
				SWIFT_VERSION = 5.0;
				TARGETED_DEVICE_FAMILY = "1,2";
			};
			name = Debug;
		};
		8A5AFA5822F80207000CDAED /* Release */ = {
			isa = XCBuildConfiguration;
			buildSettings = {
				ASSETCATALOG_COMPILER_APPICON_NAME = AppIcon;
				CODE_SIGN_STYLE = Automatic;
				DEVELOPMENT_ASSET_PATHS = "FirstProject_SwiftUI/Preview\\ Content";
				ENABLE_PREVIEWS = YES;
				INFOPLIST_FILE = FirstProject_SwiftUI/Info.plist;
				LD_RUNPATH_SEARCH_PATHS = (
					"$(inherited)",
					"@executable_path/Frameworks",
				);
				PRODUCT_BUNDLE_IDENTIFIER = "com.exilant.FirstProject-SwiftUI";
				PRODUCT_NAME = "$(TARGET_NAME)";
				SWIFT_VERSION = 5.0;
				TARGETED_DEVICE_FAMILY = "1,2";
			};
			name = Release;
		};
/* End XCBuildConfiguration section */

/* Begin XCConfigurationList section */
		8A5AFA3D22F801EE000CDAED /* Build configuration list for PBXProject "FirstProject_SwiftUI" */ = {
			isa = XCConfigurationList;
			buildConfigurations = (
				8A5AFA5422F80207000CDAED /* Debug */,
				8A5AFA5522F80207000CDAED /* Release */,
			);
			defaultConfigurationIsVisible = 0;
			defaultConfigurationName = Release;
		};
		8A5AFA5622F80207000CDAED /* Build configuration list for PBXNativeTarget "FirstProject_SwiftUI" */ = {
			isa = XCConfigurationList;
			buildConfigurations = (
				8A5AFA5722F80207000CDAED /* Debug */,
				8A5AFA5822F80207000CDAED /* Release */,
			);
			defaultConfigurationIsVisible = 0;
			defaultConfigurationName = Release;
		};
/* End XCConfigurationList section */
	};
	rootObject = 8A5AFA3A22F801EE000CDAED /* Project object */;
}
